{
  "nodes": {
    "nixpkgs": {
      "locked": {
        "lastModified": 1771426280,
        "narHash": "sha256-EJOpj/ha/y7cLBHqPWCbYh4fFM83mO/c9bYm8zVVRkY=",
        "owner": "nixos",
        "repo": "nixpkgs",
        "rev": "85680c67a23fe3cc29b85d4568e984185c58e0c9",
        "type": "github"
      },
      "original": {
        "owner": "nixos",
        "ref": "nixpkgs-unstable",
        "repo": "nixpkgs",
        "type": "github"
      }
    },
    "root": {
      "inputs": {
        "nixpkgs": "nixpkgs"
      }
    }
  },
  "root": "root",
  "version": 7
}
