hash: 06a42cd1074b800b7cff0bfa89b648dcff008fce0172bf1f5f42548ccb4baa26
updated: 2016-09-17T18:49:17.02525117+02:00
imports:
- name: github.com/containernetworking/cni
  version: 9d5e6e60e79491207834ae8439e80c943db65a69
  subpackages:
  - libcni
  - pkg/invoke
  - pkg/types
- name: github.com/containers/image
  version: 5a72b5908c6978a8eee293fdd654395da29015fe
  repo: git@github.com:nalind/image
  subpackages:
  - directory
  - image
  - transports
  - signatures
  - copy
  - storage
  - signature
  - types
  - manifest
  - version
  - docker
  - oci/layout
  - openshift
  - directory/explicitfilepath
  - docker/policyconfiguration
- name: github.com/containers/storage
  version: 32264f11f3b997e8d2ba032a6a13ebdfcddc2897
  subpackages:
  - storage
  - pkg/reexec
  - drivers
  - drivers/register
  - pkg/archive
  - pkg/idtools
  - pkg/ioutils
  - pkg/stringid
  - storageversion
  - pkg/chrootarchive
  - pkg/mount
  - pkg/plugins
  - drivers/aufs
  - drivers/btrfs
  - drivers/devmapper
  - drivers/overlay
  - drivers/overlay2
  - drivers/vfs
  - drivers/windows
  - drivers/zfs
  - pkg/fileutils
  - pkg/pools
  - pkg/promise
  - pkg/system
  - pkg/longpath
  - pkg/random
  - pkg/plugins/transport
  - pkg/directory
  - pkg/parsers
  - pkg/devicemapper
  - pkg/loopback
  - pkg/parsers/kernel
- name: github.com/docker/distribution
  version: cd27f179f2c10c5d300e6d09025b538c475b0d51
  subpackages:
  - digest
  - reference
  - context
  - uuid
- name: github.com/docker/docker
  version: 23cf638307f030cd8d48c9efc21feec18a6f88f8
  subpackages:
  - pkg/reexec
  - reference
  - image
  - image/v1
  - pkg/ioutils
  - pkg/homedir
  - layer
  - pkg/longpath
  - daemon/graphdriver
  - pkg/archive
  - pkg/idtools
  - pkg/stringid
  - pkg/chrootarchive
  - pkg/mount
  - pkg/plugins
  - pkg/fileutils
  - pkg/pools
  - pkg/promise
  - pkg/system
  - pkg/random
  - pkg/plugins/transport
- name: github.com/docker/engine-api
  version: dea108d3aa0c67d7162a3fd8aa65f38a430019fd
  subpackages:
  - client
  - client/transport
  - client/transport/cancellable
  - types
  - types/blkiodev
  - types/container
  - types/filters
  - types/network
  - types/reference
  - types/registry
  - types/strslice
  - types/time
  - types/versions
- name: github.com/docker/go-connections
  version: f549a9393d05688dff0992ef3efd8bbe6c628aeb
  subpackages:
  - nat
  - sockets
  - tlsconfig
- name: github.com/docker/go-units
  version: 0bbddae09c5a5419a8c6dcdd7ff90da3d450393b
- name: github.com/docker/libtrust
  version: aabc10ec26b754e797f9028f4589c5b7bd90dc20
- name: github.com/ghodss/yaml
  version: 73d445a93680fa1a78ae23a5839bad48f32ba1ee
- name: github.com/gogo/protobuf
  version: e18d7aa8f8c624c915db340349aad4c49b10d173
  subpackages:
  - gogoproto
  - plugin/compare
  - plugin/defaultcheck
  - plugin/description
  - plugin/embedcheck
  - plugin/enumstringer
  - plugin/equal
  - plugin/face
  - plugin/gostring
  - plugin/marshalto
  - plugin/oneofcheck
  - plugin/populate
  - plugin/size
  - plugin/stringer
  - plugin/testgen
  - plugin/union
  - plugin/unmarshal
  - proto
  - protoc-gen-gogo/descriptor
  - protoc-gen-gogo/generator
  - protoc-gen-gogo/grpc
  - protoc-gen-gogo/plugin
  - sortkeys
  - vanity
  - vanity/command
- name: github.com/golang/glog
  version: 44145f04b68cf362d9c4df2182967c2275eaefed
- name: github.com/golang/protobuf
  version: 8616e8ee5e20a1704615e6c8d7afcdac06087a67
  subpackages:
  - jsonpb
  - proto
- name: github.com/gorilla/context
  version: 215affda49addc4c8ef7e2534915df2c8c35c6cd
- name: github.com/gorilla/mux
  version: 8096f47503459bcc74d1f4c487b7e6e42e5746b5
- name: github.com/imdario/mergo
  version: 6633656539c1639d9d78127b7d47c622b5d7b6dc
- name: github.com/kubernetes/kubernetes
  version: ff3ca3d616518087dc20180f69bb4038379f1028
  subpackages:
  - pkg/kubelet/api/v1alpha1/runtime
- name: github.com/mattn/go-shellwords
  version: 525bedee691b5a8df547cb5cf9f86b7fb1883e24
- name: github.com/Microsoft/go-winio
  version: 8f9387ea7efabb228a981b9c381142be7667967f
  subpackages:
  - archive/tar
  - backuptar
- name: github.com/Microsoft/hcsshim
  version: d8e08e7d31d4f441646638b35f423a760d6dfbcd
- name: github.com/mistifyio/go-zfs
  version: 1b4ae6fb4e77b095934d4430860ff202060169f8
- name: github.com/mtrmac/gpgme
  version: 7486dcd030936581e863bb69602ef411920d7fc9
- name: github.com/opencontainers/image-spec
  version: 287772a24ab02d5d2fe3fbbba4f13dff9b9ce003
  subpackages:
  - specs-go/v1
  - specs-go
- name: github.com/opencontainers/ocitools
  version: 5c1fa311dbe42206d9286be684d8f30a3fe7ba97
  subpackages:
  - generate
- name: github.com/opencontainers/runc
  version: 142df3836b740af53dc6da59eed8dbc92f62917c
  subpackages:
  - libcontainer
  - libcontainer/apparmor
  - libcontainer/cgroups
  - libcontainer/cgroups/fs
  - libcontainer/cgroups/systemd
  - libcontainer/configs
  - libcontainer/configs/validate
  - libcontainer/criurpc
  - libcontainer/keys
  - libcontainer/label
  - libcontainer/seccomp
  - libcontainer/selinux
  - libcontainer/stacktrace
  - libcontainer/system
  - libcontainer/user
  - libcontainer/utils
- name: github.com/opencontainers/runtime-spec
  version: 7dab1a245d3e13d0ad03b77409d0bf7e00a6ada4
  subpackages:
  - specs-go
- name: github.com/pborman/uuid
  version: ca53cad383cad2479bbba7f7a1a05797ec1386e4
- name: github.com/rajatchopra/ocicni
  version: daea0034a4bc2d193d9bf5031bace0403094011a
- name: github.com/Sirupsen/logrus
  version: 4b6ea7319e214d98c938f12692336f7ca9348d6b
- name: github.com/syndtr/gocapability
  version: 2c00daeb6c3b45114c80ac44119e7b8801fdd852
  subpackages:
  - capability
- name: github.com/urfave/cli
  version: a14d7d367bc02b1f57d88de97926727f2d936387
- name: github.com/vbatts/tar-split
  version: 6810cedb21b2c3d0b9bb8f9af12ff2dc7a2f14df
  subpackages:
  - tar/asm
  - tar/storage
  - archive/tar
- name: golang.org/x/net
  version: e90d6d0afc4c315a0d87a568ae68577cc15149a0
  subpackages:
  - context
  - http2
  - trace
  - http2/hpack
  - lex/httplex
  - internal/timeseries
  - proxy
- name: golang.org/x/sys
  version: 9c60d1c508f5134d1ca726b4641db998f2523357
  subpackages:
  - unix
- name: google.golang.org/grpc
  version: 0032a855ba5c8a3c8e0d71c2deef354b70af1584
  subpackages:
  - codes
  - credentials
  - grpclog
  - internal
  - metadata
  - naming
  - transport
  - peer
- name: gopkg.in/yaml.v2
  version: 53feefa2559fb8dfa8d81baad31be332c97d6c77
- name: k8s.io/kubernetes
  version: 8fd414537b5143ab039cb910590237cabf4af783
  subpackages:
  - pkg/util/errors
  - pkg/util/homedir
  - pkg/util/net
  - pkg/util/sets
testImports: []
